
Microsoft Visual Studio Solution File, Format Version 12.00
Project("{FAE04EC0-301F-11D3-BF4B-00C04F79EFBC}") = "FluentNest", "FluentNest\FluentNest.csproj", "{779AB62D-2921-4C03-B03F-413687D81B73}"
EndProject
Project("{FAE04EC0-301F-11D3-BF4B-00C04F79EFBC}") = "FluentNest.Tests", "FluentNest.Tests\FluentNest.Tests.csproj", "{263B7B14-ACC9-4FA0-9071-B889517B211B}"
EndProject
Global
	GlobalSection(SolutionConfigurationPlatforms) = preSolution
		Debug|Any CPU = Debug|Any CPU
		Release|Any CPU = Release|Any CPU
	EndGlobalSection
	GlobalSection(ProjectConfigurationPlatforms) = postSolution
		{779AB62D-2921-4C03-B03F-413687D81B73}.Debug|Any CPU.ActiveCfg = Debug|Any CPU
		{779AB62D-2921-4C03-B03F-413687D81B73}.Debug|Any CPU.Build.0 = Debug|Any CPU
		{779AB62D-2921-4C03-B03F-413687D81B73}.Release|Any CPU.ActiveCfg = Release|Any CPU
		{779AB62D-2921-4C03-B03F-413687D81B73}.Release|Any CPU.Build.0 = Release|Any CPU
		{263B7B14-ACC9-4FA0-9071-B889517B211B}.Debug|Any CPU.ActiveCfg = Debug|Any CPU
		{263B7B14-ACC9-4FA0-9071-B889517B211B}.Debug|Any CPU.Build.0 = Debug|Any CPU
		{263B7B14-ACC9-4FA0-9071-B889517B211B}.Release|Any CPU.ActiveCfg = Release|Any CPU
		{263B7B14-ACC9-4FA0-9071-B889517B211B}.Release|Any CPU.Build.0 = Release|Any CPU
	EndGlobalSection
EndGlobal
